
Microsoft Visual Studio Solution File, Format Version 12.00
# Visual Studio Version 17
VisualStudioVersion = 17.10.34928.147
MinimumVisualStudioVersion = 10.0.40219.1
Project("{FAE04EC0-301F-11D3-BF4B-00C04F79EFBC}") = "LodashStatistics", "LodashStatistics\LodashStatistics.csproj", "{DD500A61-69A9-414A-A1D4-92FC4B5D1D8D}"
EndProject
Global
	GlobalSection(SolutionConfigurationPlatforms) = preSolution
		Debug|Any CPU = Debug|Any CPU
		Release|Any CPU = Release|Any CPU
	EndGlobalSection
	GlobalSection(ProjectConfigurationPlatforms) = postSolution
		{DD500A61-69A9-414A-A1D4-92FC4B5D1D8D}.Debug|Any CPU.ActiveCfg = Debug|Any CPU
		{DD500A61-69A9-414A-A1D4-92FC4B5D1D8D}.Debug|Any CPU.Build.0 = Debug|Any CPU
		{DD500A61-69A9-414A-A1D4-92FC4B5D1D8D}.Release|Any CPU.ActiveCfg = Release|Any CPU
		{DD500A61-69A9-414A-A1D4-92FC4B5D1D8D}.Release|Any CPU.Build.0 = Release|Any CPU
	EndGlobalSection
	GlobalSection(SolutionProperties) = preSolution
		HideSolutionNode = FALSE
	EndGlobalSection
	GlobalSection(ExtensibilityGlobals) = postSolution
		SolutionGuid = {32727382-3BA2-4700-AD49-0B0B6173DA42}
	EndGlobalSection
EndGlobal
